
Microsoft Visual Studio Solution File, Format Version 12.00
# Visual Studio 2013
VisualStudioVersion = 12.0.40629.0
MinimumVisualStudioVersion = 10.0.40219.1
Project("{FAE04EC0-301F-11D3-BF4B-00C04F79EFBC}") = "c-sharp-control-flow", "c-sharp-control-flow\c-sharp-control-flow.csproj", "{136ED639-0EE9-4C47-9943-26336498A161}"
EndProject
Global
	GlobalSection(SolutionConfigurationPlatforms) = preSolution
		Debug|Any CPU = Debug|Any CPU
		Release|Any CPU = Release|Any CPU
	EndGlobalSection
	GlobalSection(ProjectConfigurationPlatforms) = postSolution
		{136ED639-0EE9-4C47-9943-26336498A161}.Debug|Any CPU.ActiveCfg = Debug|Any CPU
		{136ED639-0EE9-4C47-9943-26336498A161}.Debug|Any CPU.Build.0 = Debug|Any CPU
		{136ED639-0EE9-4C47-9943-26336498A161}.Release|Any CPU.ActiveCfg = Release|Any CPU
		{136ED639-0EE9-4C47-9943-26336498A161}.Release|Any CPU.Build.0 = Release|Any CPU
	EndGlobalSection
	GlobalSection(SolutionProperties) = preSolution
		HideSolutionNode = FALSE
	EndGlobalSection
EndGlobal
